
Microsoft Visual Studio Solution File, Format Version 12.00
# Visual Studio 15
VisualStudioVersion = 15.0.28307.271
MinimumVisualStudioVersion = 10.0.40219.1
Project("{8BC9CEB8-8B4A-11D0-8D11-00A0C91BC942}") = "MemoryAddressing", "MemoryAddressing\MemoryAddressing.vcxproj", "{BDAA34E0-A987-4D4C-8756-DEC583171CDE}"
EndProject
Global
	GlobalSection(SolutionConfigurationPlatforms) = preSolution
		Debug|x64 = Debug|x64
		Debug|x86 = Debug|x86
		Release|x64 = Release|x64
		Release|x86 = Release|x86
	EndGlobalSection
	GlobalSection(ProjectConfigurationPlatforms) = postSolution
		{BDAA34E0-A987-4D4C-8756-DEC583171CDE}.Debug|x64.ActiveCfg = Debug|x64
		{BDAA34E0-A987-4D4C-8756-DEC583171CDE}.Debug|x64.Build.0 = Debug|x64
		{BDAA34E0-A987-4D4C-8756-DEC583171CDE}.Debug|x86.ActiveCfg = Debug|Win32
		{BDAA34E0-A987-4D4C-8756-DEC583171CDE}.Debug|x86.Build.0 = Debug|Win32
		{BDAA34E0-A987-4D4C-8756-DEC583171CDE}.Release|x64.ActiveCfg = Release|x64
		{BDAA34E0-A987-4D4C-8756-DEC583171CDE}.Release|x64.Build.0 = Release|x64
		{BDAA34E0-A987-4D4C-8756-DEC583171CDE}.Release|x86.ActiveCfg = Release|Win32
		{BDAA34E0-A987-4D4C-8756-DEC583171CDE}.Release|x86.Build.0 = Release|Win32
	EndGlobalSection
	GlobalSection(SolutionProperties) = preSolution
		HideSolutionNode = FALSE
	EndGlobalSection
	GlobalSection(ExtensibilityGlobals) = postSolution
		SolutionGuid = {8F9D2D6B-0C55-42F6-832C-8F378EA06449}
	EndGlobalSection
EndGlobal
